
Microsoft Visual Studio Solution File, Format Version 12.00
# Visual Studio Version 16
VisualStudioVersion = 16.0.29806.167
MinimumVisualStudioVersion = 10.0.40219.1
Project("{FAE04EC0-301F-11D3-BF4B-00C04F79EFBC}") = "ClientCFC-P4-20190140060", "ClientCFC-P4-20190140060\ClientCFC-P4-20190140060.csproj", "{BE974C9A-4F6D-43B9-9369-1B00C07F5161}"
EndProject
Global
	GlobalSection(SolutionConfigurationPlatforms) = preSolution
		Debug|Any CPU = Debug|Any CPU
		Release|Any CPU = Release|Any CPU
	EndGlobalSection
	GlobalSection(ProjectConfigurationPlatforms) = postSolution
		{BE974C9A-4F6D-43B9-9369-1B00C07F5161}.Debug|Any CPU.ActiveCfg = Debug|Any CPU
		{BE974C9A-4F6D-43B9-9369-1B00C07F5161}.Debug|Any CPU.Build.0 = Debug|Any CPU
		{BE974C9A-4F6D-43B9-9369-1B00C07F5161}.Release|Any CPU.ActiveCfg = Release|Any CPU
		{BE974C9A-4F6D-43B9-9369-1B00C07F5161}.Release|Any CPU.Build.0 = Release|Any CPU
	EndGlobalSection
	GlobalSection(SolutionProperties) = preSolution
		HideSolutionNode = FALSE
	EndGlobalSection
	GlobalSection(ExtensibilityGlobals) = postSolution
		SolutionGuid = {E95E3388-C644-4661-A729-7A24437D374E}
	EndGlobalSection
EndGlobal
